{
    "_readme": [
        "This file locks the dependencies of your project to a known state",
        "Read more about it at https://getcomposer.org/doc/01-basic-usage.md#installing-dependencies",
        "This file is @generated automatically"
    ],
    "content-hash": "d24fd99e53e5275bcffacd7d26a7d802",
    "packages": [],
    "packages-dev": [],
    "aliases": [],
    "minimum-stability": "stable",
    "stability-flags": [],
    "prefer-stable": false,
    "prefer-lowest": false,
    "platform": {
        "ext-dom": "*",
        "ext-json": "*",
        "php": "^7.4 || ^8.0"
    },
    "platform-dev": [],
    "plugin-api-version": "2.6.0"
}
